
Microsoft Visual Studio Solution File, Format Version 12.00
# Visual Studio Version 17
VisualStudioVersion = 17.14.36518.9 d17.14
MinimumVisualStudioVersion = 10.0.40219.1
Project("{FAE04EC0-301F-11D3-BF4B-00C04F79EFBC}") = "jira_clone_backend", "jira_clone_backend.csproj", "{F50B0391-8D41-48E9-95B6-0AC8A50BCED2}"
EndProject
Global
	GlobalSection(SolutionConfigurationPlatforms) = preSolution
		Debug|Any CPU = Debug|Any CPU
		Release|Any CPU = Release|Any CPU
	EndGlobalSection
	GlobalSection(ProjectConfigurationPlatforms) = postSolution
		{F50B0391-8D41-48E9-95B6-0AC8A50BCED2}.Debug|Any CPU.ActiveCfg = Debug|Any CPU
		{F50B0391-8D41-48E9-95B6-0AC8A50BCED2}.Debug|Any CPU.Build.0 = Debug|Any CPU
		{F50B0391-8D41-48E9-95B6-0AC8A50BCED2}.Release|Any CPU.ActiveCfg = Release|Any CPU
		{F50B0391-8D41-48E9-95B6-0AC8A50BCED2}.Release|Any CPU.Build.0 = Release|Any CPU
	EndGlobalSection
	GlobalSection(SolutionProperties) = preSolution
		HideSolutionNode = FALSE
	EndGlobalSection
	GlobalSection(ExtensibilityGlobals) = postSolution
		SolutionGuid = {891582A0-B5F4-43EE-AA28-651DAB0986A8}
	EndGlobalSection
EndGlobal
